
Microsoft Visual Studio Solution File, Format Version 12.00
# Visual Studio Version 16
VisualStudioVersion = 16.0.32413.511
MinimumVisualStudioVersion = 10.0.40219.1
Project("{FAE04EC0-301F-11D3-BF4B-00C04F79EFBC}") = "ConsoleAppEjercicio1DeEnzoMarmol", "ConsoleAppEjercicio1DeEnzoMarmol\ConsoleAppEjercicio1DeEnzoMarmol.csproj", "{CE97A914-2C48-45FF-B3EA-301DB055720D}"
EndProject
Global
	GlobalSection(SolutionConfigurationPlatforms) = preSolution
		Debug|Any CPU = Debug|Any CPU
		Release|Any CPU = Release|Any CPU
	EndGlobalSection
	GlobalSection(ProjectConfigurationPlatforms) = postSolution
		{CE97A914-2C48-45FF-B3EA-301DB055720D}.Debug|Any CPU.ActiveCfg = Debug|Any CPU
		{CE97A914-2C48-45FF-B3EA-301DB055720D}.Debug|Any CPU.Build.0 = Debug|Any CPU
		{CE97A914-2C48-45FF-B3EA-301DB055720D}.Release|Any CPU.ActiveCfg = Release|Any CPU
		{CE97A914-2C48-45FF-B3EA-301DB055720D}.Release|Any CPU.Build.0 = Release|Any CPU
	EndGlobalSection
	GlobalSection(SolutionProperties) = preSolution
		HideSolutionNode = FALSE
	EndGlobalSection
	GlobalSection(ExtensibilityGlobals) = postSolution
		SolutionGuid = {9A53CBF5-4D28-4C07-A58F-D611590119A7}
	EndGlobalSection
EndGlobal
